
Microsoft Visual Studio Solution File, Format Version 12.00
# Visual Studio 15
VisualStudioVersion = 15.0.28307.106
MinimumVisualStudioVersion = 10.0.40219.1
Project("{FAE04EC0-301F-11D3-BF4B-00C04F79EFBC}") = "ForStructure1", "ForStructure1\ForStructure1.csproj", "{156C9D83-B6BB-4449-A86E-A938237F42EC}"
EndProject
Global
	GlobalSection(SolutionConfigurationPlatforms) = preSolution
		Debug|Any CPU = Debug|Any CPU
		Release|Any CPU = Release|Any CPU
	EndGlobalSection
	GlobalSection(ProjectConfigurationPlatforms) = postSolution
		{156C9D83-B6BB-4449-A86E-A938237F42EC}.Debug|Any CPU.ActiveCfg = Debug|Any CPU
		{156C9D83-B6BB-4449-A86E-A938237F42EC}.Debug|Any CPU.Build.0 = Debug|Any CPU
		{156C9D83-B6BB-4449-A86E-A938237F42EC}.Release|Any CPU.ActiveCfg = Release|Any CPU
		{156C9D83-B6BB-4449-A86E-A938237F42EC}.Release|Any CPU.Build.0 = Release|Any CPU
	EndGlobalSection
	GlobalSection(SolutionProperties) = preSolution
		HideSolutionNode = FALSE
	EndGlobalSection
	GlobalSection(ExtensibilityGlobals) = postSolution
		SolutionGuid = {4D269DA8-22B1-493C-BC66-289B1FFB93F4}
	EndGlobalSection
EndGlobal
